
Microsoft Visual Studio Solution File, Format Version 11.00
# Visual Studio 2010
Project("{FAE04EC0-301F-11D3-BF4B-00C04F79EFBC}") = "FluentCassandra", "src\FluentCassandra.csproj", "{EAA32600-3C2A-4B34-B9B2-5764F280FCE3}"
EndProject
Project("{FAE04EC0-301F-11D3-BF4B-00C04F79EFBC}") = "FluentCassandra.Sandbox", "test\FluentCassandra.Sandbox\FluentCassandra.Sandbox.csproj", "{DE6B46DE-C37A-49AF-8B9A-B9B6D4F03A55}"
EndProject
Project("{2150E333-8FDC-42A3-9474-1A3956D46DE8}") = "Solution Items", "Solution Items", "{53AE6E93-92B4-4D33-9BE5-3CE59C1A2AD6}"
	ProjectSection(SolutionItems) = preProject
		FluentCassandra.msbuild = FluentCassandra.msbuild
	EndProjectSection
EndProject
Project("{2150E333-8FDC-42A3-9474-1A3956D46DE8}") = ".nuget", ".nuget", "{BF5D399F-A637-4DE2-980F-1CF057A6953C}"
	ProjectSection(SolutionItems) = preProject
		.nuget\NuGet.exe = .nuget\NuGet.exe
		.nuget\NuGet.targets = .nuget\NuGet.targets
	EndProjectSection
EndProject
Project("{2150E333-8FDC-42A3-9474-1A3956D46DE8}") = "Tests", "Tests", "{1A88B962-9A09-4692-80D3-E88712A9E516}"
EndProject
Project("{FAE04EC0-301F-11D3-BF4B-00C04F79EFBC}") = "FluentCassandra.StressTest", "test\FluentCassandra.StressTest\FluentCassandra.StressTest.csproj", "{AC3818E2-E260-4193-A3D1-6E3FF87383F6}"
EndProject
Project("{FAE04EC0-301F-11D3-BF4B-00C04F79EFBC}") = "FluentCassandra.Tests", "test\FluentCassandra.Tests\FluentCassandra.Tests.csproj", "{9DAF7022-5820-4214-B13E-AC0A1B37691F}"
EndProject
Project("{2150E333-8FDC-42A3-9474-1A3956D46DE8}") = "Tools", "Tools", "{AC1223D1-1638-4DEB-9CFF-8B0C43854BB0}"
EndProject
Project("{FAE04EC0-301F-11D3-BF4B-00C04F79EFBC}") = "FluentCassandra.LinqPad", "utility\FluentCassandra.LinqPad\FluentCassandra.LinqPad.csproj", "{CACA3463-BBEE-4C7E-AC89-49240B0D8F46}"
EndProject
Project("{FAE04EC0-301F-11D3-BF4B-00C04F79EFBC}") = "FluentCassandra.UltraStressTest", "test\FluentCassandra.UltraStressTest\FluentCassandra.UltraStressTest.csproj", "{FA126D9D-9072-4FF0-B4EB-1B1F95BF65D5}"
EndProject
Project("{FAE04EC0-301F-11D3-BF4B-00C04F79EFBC}") = "FluentCassandra.MoreTests", "test\FluentCassandra.MoreTests\FluentCassandra.MoreTests.csproj", "{05682974-C961-4A22-9F44-052859F00C15}"
EndProject
Global
	GlobalSection(TestCaseManagementSettings) = postSolution
		CategoryFile = FluentCassandra.vsmdi
	EndGlobalSection
	GlobalSection(SolutionConfigurationPlatforms) = preSolution
		Debug|Any CPU = Debug|Any CPU
		Debug|Mixed Platforms = Debug|Mixed Platforms
		Debug|x86 = Debug|x86
		Release|Any CPU = Release|Any CPU
		Release|Mixed Platforms = Release|Mixed Platforms
		Release|x86 = Release|x86
	EndGlobalSection
	GlobalSection(ProjectConfigurationPlatforms) = postSolution
		{EAA32600-3C2A-4B34-B9B2-5764F280FCE3}.Debug|Any CPU.ActiveCfg = Debug|Any CPU
		{EAA32600-3C2A-4B34-B9B2-5764F280FCE3}.Debug|Any CPU.Build.0 = Debug|Any CPU
		{EAA32600-3C2A-4B34-B9B2-5764F280FCE3}.Debug|Mixed Platforms.ActiveCfg = Debug|Any CPU
		{EAA32600-3C2A-4B34-B9B2-5764F280FCE3}.Debug|Mixed Platforms.Build.0 = Debug|Any CPU
		{EAA32600-3C2A-4B34-B9B2-5764F280FCE3}.Debug|x86.ActiveCfg = Debug|Any CPU
		{EAA32600-3C2A-4B34-B9B2-5764F280FCE3}.Release|Any CPU.ActiveCfg = Release|Any CPU
		{EAA32600-3C2A-4B34-B9B2-5764F280FCE3}.Release|Any CPU.Build.0 = Release|Any CPU
		{EAA32600-3C2A-4B34-B9B2-5764F280FCE3}.Release|Mixed Platforms.ActiveCfg = Release|Any CPU
		{EAA32600-3C2A-4B34-B9B2-5764F280FCE3}.Release|Mixed Platforms.Build.0 = Release|Any CPU
		{EAA32600-3C2A-4B34-B9B2-5764F280FCE3}.Release|x86.ActiveCfg = Release|Any CPU
		{DE6B46DE-C37A-49AF-8B9A-B9B6D4F03A55}.Debug|Any CPU.ActiveCfg = Debug|x86
		{DE6B46DE-C37A-49AF-8B9A-B9B6D4F03A55}.Debug|Mixed Platforms.ActiveCfg = Debug|x86
		{DE6B46DE-C37A-49AF-8B9A-B9B6D4F03A55}.Debug|Mixed Platforms.Build.0 = Debug|x86
		{DE6B46DE-C37A-49AF-8B9A-B9B6D4F03A55}.Debug|x86.ActiveCfg = Debug|x86
		{DE6B46DE-C37A-49AF-8B9A-B9B6D4F03A55}.Debug|x86.Build.0 = Debug|x86
		{DE6B46DE-C37A-49AF-8B9A-B9B6D4F03A55}.Release|Any CPU.ActiveCfg = Release|x86
		{DE6B46DE-C37A-49AF-8B9A-B9B6D4F03A55}.Release|Mixed Platforms.ActiveCfg = Release|x86
		{DE6B46DE-C37A-49AF-8B9A-B9B6D4F03A55}.Release|Mixed Platforms.Build.0 = Release|x86
		{DE6B46DE-C37A-49AF-8B9A-B9B6D4F03A55}.Release|x86.ActiveCfg = Release|x86
		{DE6B46DE-C37A-49AF-8B9A-B9B6D4F03A55}.Release|x86.Build.0 = Release|x86
		{AC3818E2-E260-4193-A3D1-6E3FF87383F6}.Debug|Any CPU.ActiveCfg = Debug|x86
		{AC3818E2-E260-4193-A3D1-6E3FF87383F6}.Debug|Mixed Platforms.ActiveCfg = Debug|x86
		{AC3818E2-E260-4193-A3D1-6E3FF87383F6}.Debug|Mixed Platforms.Build.0 = Debug|x86
		{AC3818E2-E260-4193-A3D1-6E3FF87383F6}.Debug|x86.ActiveCfg = Debug|x86
		{AC3818E2-E260-4193-A3D1-6E3FF87383F6}.Debug|x86.Build.0 = Debug|x86
		{AC3818E2-E260-4193-A3D1-6E3FF87383F6}.Release|Any CPU.ActiveCfg = Release|x86
		{AC3818E2-E260-4193-A3D1-6E3FF87383F6}.Release|Mixed Platforms.ActiveCfg = Release|x86
		{AC3818E2-E260-4193-A3D1-6E3FF87383F6}.Release|Mixed Platforms.Build.0 = Release|x86
		{AC3818E2-E260-4193-A3D1-6E3FF87383F6}.Release|x86.ActiveCfg = Release|x86
		{AC3818E2-E260-4193-A3D1-6E3FF87383F6}.Release|x86.Build.0 = Release|x86
		{9DAF7022-5820-4214-B13E-AC0A1B37691F}.Debug|Any CPU.ActiveCfg = Debug|Any CPU
		{9DAF7022-5820-4214-B13E-AC0A1B37691F}.Debug|Any CPU.Build.0 = Debug|Any CPU
		{9DAF7022-5820-4214-B13E-AC0A1B37691F}.Debug|Mixed Platforms.ActiveCfg = Debug|Any CPU
		{9DAF7022-5820-4214-B13E-AC0A1B37691F}.Debug|Mixed Platforms.Build.0 = Debug|Any CPU
		{9DAF7022-5820-4214-B13E-AC0A1B37691F}.Debug|x86.ActiveCfg = Debug|Any CPU
		{9DAF7022-5820-4214-B13E-AC0A1B37691F}.Release|Any CPU.ActiveCfg = Release|Any CPU
		{9DAF7022-5820-4214-B13E-AC0A1B37691F}.Release|Any CPU.Build.0 = Release|Any CPU
		{9DAF7022-5820-4214-B13E-AC0A1B37691F}.Release|Mixed Platforms.ActiveCfg = Release|Any CPU
		{9DAF7022-5820-4214-B13E-AC0A1B37691F}.Release|Mixed Platforms.Build.0 = Release|Any CPU
		{9DAF7022-5820-4214-B13E-AC0A1B37691F}.Release|x86.ActiveCfg = Release|Any CPU
		{CACA3463-BBEE-4C7E-AC89-49240B0D8F46}.Debug|Any CPU.ActiveCfg = Debug|Any CPU
		{CACA3463-BBEE-4C7E-AC89-49240B0D8F46}.Debug|Mixed Platforms.ActiveCfg = Debug|Any CPU
		{CACA3463-BBEE-4C7E-AC89-49240B0D8F46}.Debug|Mixed Platforms.Build.0 = Debug|Any CPU
		{CACA3463-BBEE-4C7E-AC89-49240B0D8F46}.Debug|x86.ActiveCfg = Debug|Any CPU
		{CACA3463-BBEE-4C7E-AC89-49240B0D8F46}.Release|Any CPU.ActiveCfg = Release|Any CPU
		{CACA3463-BBEE-4C7E-AC89-49240B0D8F46}.Release|Mixed Platforms.ActiveCfg = Release|Any CPU
		{CACA3463-BBEE-4C7E-AC89-49240B0D8F46}.Release|Mixed Platforms.Build.0 = Release|Any CPU
		{CACA3463-BBEE-4C7E-AC89-49240B0D8F46}.Release|x86.ActiveCfg = Release|Any CPU
		{FA126D9D-9072-4FF0-B4EB-1B1F95BF65D5}.Debug|Any CPU.ActiveCfg = Debug|x86
		{FA126D9D-9072-4FF0-B4EB-1B1F95BF65D5}.Debug|Mixed Platforms.ActiveCfg = Debug|x86
		{FA126D9D-9072-4FF0-B4EB-1B1F95BF65D5}.Debug|Mixed Platforms.Build.0 = Debug|x86
		{FA126D9D-9072-4FF0-B4EB-1B1F95BF65D5}.Debug|x86.ActiveCfg = Debug|x86
		{FA126D9D-9072-4FF0-B4EB-1B1F95BF65D5}.Debug|x86.Build.0 = Debug|x86
		{FA126D9D-9072-4FF0-B4EB-1B1F95BF65D5}.Release|Any CPU.ActiveCfg = Release|x86
		{FA126D9D-9072-4FF0-B4EB-1B1F95BF65D5}.Release|Mixed Platforms.ActiveCfg = Release|x86
		{FA126D9D-9072-4FF0-B4EB-1B1F95BF65D5}.Release|Mixed Platforms.Build.0 = Release|x86
		{FA126D9D-9072-4FF0-B4EB-1B1F95BF65D5}.Release|x86.ActiveCfg = Release|x86
		{FA126D9D-9072-4FF0-B4EB-1B1F95BF65D5}.Release|x86.Build.0 = Release|x86
		{05682974-C961-4A22-9F44-052859F00C15}.Debug|Any CPU.ActiveCfg = Debug|x86
		{05682974-C961-4A22-9F44-052859F00C15}.Debug|Mixed Platforms.ActiveCfg = Debug|x86
		{05682974-C961-4A22-9F44-052859F00C15}.Debug|Mixed Platforms.Build.0 = Debug|x86
		{05682974-C961-4A22-9F44-052859F00C15}.Debug|x86.ActiveCfg = Debug|x86
		{05682974-C961-4A22-9F44-052859F00C15}.Debug|x86.Build.0 = Debug|x86
		{05682974-C961-4A22-9F44-052859F00C15}.Release|Any CPU.ActiveCfg = Release|x86
		{05682974-C961-4A22-9F44-052859F00C15}.Release|Mixed Platforms.ActiveCfg = Release|x86
		{05682974-C961-4A22-9F44-052859F00C15}.Release|Mixed Platforms.Build.0 = Release|x86
		{05682974-C961-4A22-9F44-052859F00C15}.Release|x86.ActiveCfg = Release|x86
		{05682974-C961-4A22-9F44-052859F00C15}.Release|x86.Build.0 = Release|x86
	EndGlobalSection
	GlobalSection(SolutionProperties) = preSolution
		HideSolutionNode = FALSE
	EndGlobalSection
	GlobalSection(NestedProjects) = preSolution
		{AC3818E2-E260-4193-A3D1-6E3FF87383F6} = {1A88B962-9A09-4692-80D3-E88712A9E516}
		{9DAF7022-5820-4214-B13E-AC0A1B37691F} = {1A88B962-9A09-4692-80D3-E88712A9E516}
		{FA126D9D-9072-4FF0-B4EB-1B1F95BF65D5} = {1A88B962-9A09-4692-80D3-E88712A9E516}
		{05682974-C961-4A22-9F44-052859F00C15} = {1A88B962-9A09-4692-80D3-E88712A9E516}
		{CACA3463-BBEE-4C7E-AC89-49240B0D8F46} = {AC1223D1-1638-4DEB-9CFF-8B0C43854BB0}
	EndGlobalSection
	GlobalSection(MonoDevelopProperties) = preSolution
		StartupItem = test\FluentCassandra.Sandbox\FluentCassandra.Sandbox.csproj
		Policies = $0
		$0.DotNetNamingPolicy = $1
		$1.DirectoryNamespaceAssociation = None
		$1.ResourceNamePolicy = FileFormatDefault
		$0.TextStylePolicy = $2
		$2.inheritsSet = null
		$2.scope = text/x-csharp
		$0.CSharpFormattingPolicy = $3
		$3.inheritsSet = Mono
		$3.inheritsScope = text/x-csharp
		$3.scope = text/x-csharp
		$0.StandardHeader = $4
		$4.Text = 
		$4.IncludeInNewFiles = True
		$0.VersionControlPolicy = $5
		$5.inheritsSet = Mono
		$0.ChangeLogPolicy = $6
		$6.UpdateMode = None
		$6.MessageStyle = $7
		$7.LineAlign = 0
		$6.inheritsSet = Mono
		version = 1.0.0
	EndGlobalSection
EndGlobal
