
Microsoft Visual Studio Solution File, Format Version 11.00
# Visual Studio 2010
Project("{FAE04EC0-301F-11D3-BF4B-00C04F79EFBC}") = "FluentCassandra", "src\FluentCassandra.csproj", "{EAA32600-3C2A-4B34-B9B2-5764F280FCE3}"
EndProject
Project("{FAE04EC0-301F-11D3-BF4B-00C04F79EFBC}") = "FluentCassandra.Sandbox", "test\FluentCassandra.Sandbox\FluentCassandra.Sandbox.csproj", "{DE6B46DE-C37A-49AF-8B9A-B9B6D4F03A55}"
EndProject
Project("{FAE04EC0-301F-11D3-BF4B-00C04F79EFBC}") = "FluentCassandra.Tests", "test\FluentCassandra.Tests\FluentCassandra.Tests.csproj", "{9DAF7022-5820-4214-B13E-AC0A1B37691F}"
EndProject
Global
	GlobalSection(TestCaseManagementSettings) = postSolution
		CategoryFile = FluentCassandra.vsmdi
	EndGlobalSection
	GlobalSection(SolutionConfigurationPlatforms) = preSolution
		Debug|Any CPU = Debug|Any CPU
		Debug|Mixed Platforms = Debug|Mixed Platforms
		Debug|x86 = Debug|x86
		Release|Any CPU = Release|Any CPU
		Release|Mixed Platforms = Release|Mixed Platforms
		Release|x86 = Release|x86
	EndGlobalSection
	GlobalSection(ProjectConfigurationPlatforms) = postSolution
		{EAA32600-3C2A-4B34-B9B2-5764F280FCE3}.Debug|Any CPU.ActiveCfg = Debug|Any CPU
		{EAA32600-3C2A-4B34-B9B2-5764F280FCE3}.Debug|Any CPU.Build.0 = Debug|Any CPU
		{EAA32600-3C2A-4B34-B9B2-5764F280FCE3}.Debug|Mixed Platforms.ActiveCfg = Debug|Any CPU
		{EAA32600-3C2A-4B34-B9B2-5764F280FCE3}.Debug|Mixed Platforms.Build.0 = Debug|Any CPU
		{EAA32600-3C2A-4B34-B9B2-5764F280FCE3}.Debug|x86.ActiveCfg = Debug|Any CPU
		{EAA32600-3C2A-4B34-B9B2-5764F280FCE3}.Release|Any CPU.ActiveCfg = Release|Any CPU
		{EAA32600-3C2A-4B34-B9B2-5764F280FCE3}.Release|Any CPU.Build.0 = Release|Any CPU
		{EAA32600-3C2A-4B34-B9B2-5764F280FCE3}.Release|Mixed Platforms.ActiveCfg = Release|Any CPU
		{EAA32600-3C2A-4B34-B9B2-5764F280FCE3}.Release|Mixed Platforms.Build.0 = Release|Any CPU
		{EAA32600-3C2A-4B34-B9B2-5764F280FCE3}.Release|x86.ActiveCfg = Release|Any CPU
		{DE6B46DE-C37A-49AF-8B9A-B9B6D4F03A55}.Debug|Any CPU.ActiveCfg = Debug|x86
		{DE6B46DE-C37A-49AF-8B9A-B9B6D4F03A55}.Debug|Mixed Platforms.ActiveCfg = Debug|x86
		{DE6B46DE-C37A-49AF-8B9A-B9B6D4F03A55}.Debug|Mixed Platforms.Build.0 = Debug|x86
		{DE6B46DE-C37A-49AF-8B9A-B9B6D4F03A55}.Debug|x86.ActiveCfg = Debug|x86
		{DE6B46DE-C37A-49AF-8B9A-B9B6D4F03A55}.Debug|x86.Build.0 = Debug|x86
		{DE6B46DE-C37A-49AF-8B9A-B9B6D4F03A55}.Release|Any CPU.ActiveCfg = Release|x86
		{DE6B46DE-C37A-49AF-8B9A-B9B6D4F03A55}.Release|Mixed Platforms.ActiveCfg = Release|x86
		{DE6B46DE-C37A-49AF-8B9A-B9B6D4F03A55}.Release|Mixed Platforms.Build.0 = Release|x86
		{DE6B46DE-C37A-49AF-8B9A-B9B6D4F03A55}.Release|x86.ActiveCfg = Release|x86
		{DE6B46DE-C37A-49AF-8B9A-B9B6D4F03A55}.Release|x86.Build.0 = Release|x86
		{9DAF7022-5820-4214-B13E-AC0A1B37691F}.Debug|Any CPU.ActiveCfg = Debug|Any CPU
		{9DAF7022-5820-4214-B13E-AC0A1B37691F}.Debug|Any CPU.Build.0 = Debug|Any CPU
		{9DAF7022-5820-4214-B13E-AC0A1B37691F}.Debug|Mixed Platforms.ActiveCfg = Debug|Any CPU
		{9DAF7022-5820-4214-B13E-AC0A1B37691F}.Debug|Mixed Platforms.Build.0 = Debug|Any CPU
		{9DAF7022-5820-4214-B13E-AC0A1B37691F}.Debug|x86.ActiveCfg = Debug|Any CPU
		{9DAF7022-5820-4214-B13E-AC0A1B37691F}.Release|Any CPU.ActiveCfg = Release|Any CPU
		{9DAF7022-5820-4214-B13E-AC0A1B37691F}.Release|Any CPU.Build.0 = Release|Any CPU
		{9DAF7022-5820-4214-B13E-AC0A1B37691F}.Release|Mixed Platforms.ActiveCfg = Release|Any CPU
		{9DAF7022-5820-4214-B13E-AC0A1B37691F}.Release|Mixed Platforms.Build.0 = Release|Any CPU
		{9DAF7022-5820-4214-B13E-AC0A1B37691F}.Release|x86.ActiveCfg = Release|Any CPU
	EndGlobalSection
	GlobalSection(SolutionProperties) = preSolution
		HideSolutionNode = FALSE
	EndGlobalSection
EndGlobal
